// !$*UTF8*$!
{
	archiveVersion = 1;
	classes = {
	};
	objectVersion = 56;
	objects = {

/* Begin PBXBuildFile section */
		3879E6D62A44A2130040998D /* WeatherIndicatorsTableViewCell.swift in Sources */ = {isa = PBXBuildFile; fileRef = 3879E6D42A44A2130040998D /* WeatherIndicatorsTableViewCell.swift */; };
		3879E6D72A44A2130040998D /* WeatherIndicatorsTableViewCell.xib in Resources */ = {isa = PBXBuildFile; fileRef = 3879E6D52A44A2130040998D /* WeatherIndicatorsTableViewCell.xib */; };
		3879E6DA2A44B56E0040998D /* HourlyForecastCollectionViewCell.swift in Sources */ = {isa = PBXBuildFile; fileRef = 3879E6D82A44B56E0040998D /* HourlyForecastCollectionViewCell.swift */; };
		3879E6DB2A44B56E0040998D /* HourlyForecastCollectionViewCell.xib in Resources */ = {isa = PBXBuildFile; fileRef = 3879E6D92A44B56E0040998D /* HourlyForecastCollectionViewCell.xib */; };
		387E81E02A3E449E00BB4941 /* UIButton.swift in Sources */ = {isa = PBXBuildFile; fileRef = 387E81DF2A3E449E00BB4941 /* UIButton.swift */; };
		387E81E22A3E459F00BB4941 /* UILabel.swift in Sources */ = {isa = PBXBuildFile; fileRef = 387E81E12A3E459F00BB4941 /* UILabel.swift */; };
		387E81EB2A3E6F8700BB4941 /* HomeViewController.swift in Sources */ = {isa = PBXBuildFile; fileRef = 387E81E92A3E6F8700BB4941 /* HomeViewController.swift */; };
		387E81EC2A3E6F8700BB4941 /* HomeViewController.xib in Resources */ = {isa = PBXBuildFile; fileRef = 387E81EA2A3E6F8700BB4941 /* HomeViewController.xib */; };
		3886A6232A4E50E700AF8F83 /* CustomTabBarController.swift in Sources */ = {isa = PBXBuildFile; fileRef = 3886A6222A4E50E700AF8F83 /* CustomTabBarController.swift */; };
		388D53DC2A47BC170087618A /* Network Services .swift in Sources */ = {isa = PBXBuildFile; fileRef = 388D53DB2A47BC170087618A /* Network Services .swift */; };
		388FDB352A47A4770079F7B8 /* Weather Model.swift in Sources */ = {isa = PBXBuildFile; fileRef = 388FDB342A47A4770079F7B8 /* Weather Model.swift */; };
		38F3448B2A3A1FA100DDEF7A /* AppDelegate.swift in Sources */ = {isa = PBXBuildFile; fileRef = 38F3448A2A3A1FA100DDEF7A /* AppDelegate.swift */; };
		38F3448D2A3A1FA100DDEF7A /* SceneDelegate.swift in Sources */ = {isa = PBXBuildFile; fileRef = 38F3448C2A3A1FA100DDEF7A /* SceneDelegate.swift */; };
		38F344942A3A1FA500DDEF7A /* Assets.xcassets in Resources */ = {isa = PBXBuildFile; fileRef = 38F344932A3A1FA500DDEF7A /* Assets.xcassets */; };
		38F344972A3A1FA500DDEF7A /* LaunchScreen.storyboard in Resources */ = {isa = PBXBuildFile; fileRef = 38F344952A3A1FA500DDEF7A /* LaunchScreen.storyboard */; };
		4FEDEC1E2A4BFF5E003E5F32 /* FavouriteLocationsTableViewCell.swift in Sources */ = {isa = PBXBuildFile; fileRef = 4FEDEC1C2A4BFF5E003E5F32 /* FavouriteLocationsTableViewCell.swift */; };
		4FEDEC1F2A4BFF5E003E5F32 /* FavouriteLocationsTableViewCell.xib in Resources */ = {isa = PBXBuildFile; fileRef = 4FEDEC1D2A4BFF5E003E5F32 /* FavouriteLocationsTableViewCell.xib */; };
		4FF221A72A4A38710031E6D7 /* ViewModel.swift in Sources */ = {isa = PBXBuildFile; fileRef = 4FF221A62A4A38710031E6D7 /* ViewModel.swift */; };
		4FF32CBE2A4BF2B0006969CB /* FavouriteViewController.swift in Sources */ = {isa = PBXBuildFile; fileRef = 4FF32CBC2A4BF2B0006969CB /* FavouriteViewController.swift */; };
		4FF32CBF2A4BF2B0006969CB /* FavouriteViewController.xib in Resources */ = {isa = PBXBuildFile; fileRef = 4FF32CBD2A4BF2B0006969CB /* FavouriteViewController.xib */; };
		4FFDF0472A47637C00AF5EE3 /* DailyForecastTableViewCell.swift in Sources */ = {isa = PBXBuildFile; fileRef = 4FFDF0452A47637C00AF5EE3 /* DailyForecastTableViewCell.swift */; };
		4FFDF0482A47637C00AF5EE3 /* DailyForecastTableViewCell.xib in Resources */ = {isa = PBXBuildFile; fileRef = 4FFDF0462A47637C00AF5EE3 /* DailyForecastTableViewCell.xib */; };
/* End PBXBuildFile section */

/* Begin PBXFileReference section */
		3879E6D42A44A2130040998D /* WeatherIndicatorsTableViewCell.swift */ = {isa = PBXFileReference; lastKnownFileType = sourcecode.swift; path = WeatherIndicatorsTableViewCell.swift; sourceTree = "<group>"; };
		3879E6D52A44A2130040998D /* WeatherIndicatorsTableViewCell.xib */ = {isa = PBXFileReference; lastKnownFileType = file.xib; path = WeatherIndicatorsTableViewCell.xib; sourceTree = "<group>"; };
		3879E6D82A44B56E0040998D /* HourlyForecastCollectionViewCell.swift */ = {isa = PBXFileReference; lastKnownFileType = sourcecode.swift; path = HourlyForecastCollectionViewCell.swift; sourceTree = "<group>"; };
		3879E6D92A44B56E0040998D /* HourlyForecastCollectionViewCell.xib */ = {isa = PBXFileReference; lastKnownFileType = file.xib; path = HourlyForecastCollectionViewCell.xib; sourceTree = "<group>"; };
		387E81DF2A3E449E00BB4941 /* UIButton.swift */ = {isa = PBXFileReference; lastKnownFileType = sourcecode.swift; path = UIButton.swift; sourceTree = "<group>"; };
		387E81E12A3E459F00BB4941 /* UILabel.swift */ = {isa = PBXFileReference; lastKnownFileType = sourcecode.swift; path = UILabel.swift; sourceTree = "<group>"; };
		387E81E92A3E6F8700BB4941 /* HomeViewController.swift */ = {isa = PBXFileReference; lastKnownFileType = sourcecode.swift; path = HomeViewController.swift; sourceTree = "<group>"; };
		387E81EA2A3E6F8700BB4941 /* HomeViewController.xib */ = {isa = PBXFileReference; lastKnownFileType = file.xib; path = HomeViewController.xib; sourceTree = "<group>"; };
		3886A6222A4E50E700AF8F83 /* CustomTabBarController.swift */ = {isa = PBXFileReference; lastKnownFileType = sourcecode.swift; path = CustomTabBarController.swift; sourceTree = "<group>"; };
		388D53DB2A47BC170087618A /* Network Services .swift */ = {isa = PBXFileReference; lastKnownFileType = sourcecode.swift; path = "Network Services .swift"; sourceTree = "<group>"; };
		388FDB342A47A4770079F7B8 /* Weather Model.swift */ = {isa = PBXFileReference; lastKnownFileType = sourcecode.swift; path = "Weather Model.swift"; sourceTree = "<group>"; };
		38F344872A3A1FA100DDEF7A /* Taqs.app */ = {isa = PBXFileReference; explicitFileType = wrapper.application; includeInIndex = 0; path = Taqs.app; sourceTree = BUILT_PRODUCTS_DIR; };
		38F3448A2A3A1FA100DDEF7A /* AppDelegate.swift */ = {isa = PBXFileReference; lastKnownFileType = sourcecode.swift; path = AppDelegate.swift; sourceTree = "<group>"; };
		38F3448C2A3A1FA100DDEF7A /* SceneDelegate.swift */ = {isa = PBXFileReference; lastKnownFileType = sourcecode.swift; path = SceneDelegate.swift; sourceTree = "<group>"; };
		38F344932A3A1FA500DDEF7A /* Assets.xcassets */ = {isa = PBXFileReference; lastKnownFileType = folder.assetcatalog; path = Assets.xcassets; sourceTree = "<group>"; };
		38F344962A3A1FA500DDEF7A /* Base */ = {isa = PBXFileReference; lastKnownFileType = file.storyboard; name = Base; path = Base.lproj/LaunchScreen.storyboard; sourceTree = "<group>"; };
		38F344982A3A1FA500DDEF7A /* Info.plist */ = {isa = PBXFileReference; lastKnownFileType = text.plist.xml; path = Info.plist; sourceTree = "<group>"; };
		4FEDEC1C2A4BFF5E003E5F32 /* FavouriteLocationsTableViewCell.swift */ = {isa = PBXFileReference; lastKnownFileType = sourcecode.swift; path = FavouriteLocationsTableViewCell.swift; sourceTree = "<group>"; };
		4FEDEC1D2A4BFF5E003E5F32 /* FavouriteLocationsTableViewCell.xib */ = {isa = PBXFileReference; lastKnownFileType = file.xib; path = FavouriteLocationsTableViewCell.xib; sourceTree = "<group>"; };
		4FF221A62A4A38710031E6D7 /* ViewModel.swift */ = {isa = PBXFileReference; lastKnownFileType = sourcecode.swift; path = ViewModel.swift; sourceTree = "<group>"; };
		4FF32CBC2A4BF2B0006969CB /* FavouriteViewController.swift */ = {isa = PBXFileReference; lastKnownFileType = sourcecode.swift; path = FavouriteViewController.swift; sourceTree = "<group>"; };
		4FF32CBD2A4BF2B0006969CB /* FavouriteViewController.xib */ = {isa = PBXFileReference; lastKnownFileType = file.xib; path = FavouriteViewController.xib; sourceTree = "<group>"; };
		4FFDF0452A47637C00AF5EE3 /* DailyForecastTableViewCell.swift */ = {isa = PBXFileReference; lastKnownFileType = sourcecode.swift; path = DailyForecastTableViewCell.swift; sourceTree = "<group>"; };
		4FFDF0462A47637C00AF5EE3 /* DailyForecastTableViewCell.xib */ = {isa = PBXFileReference; lastKnownFileType = file.xib; path = DailyForecastTableViewCell.xib; sourceTree = "<group>"; };
/* End PBXFileReference section */

/* Begin PBXFrameworksBuildPhase section */
		38F344842A3A1FA100DDEF7A /* Frameworks */ = {
			isa = PBXFrameworksBuildPhase;
			buildActionMask = 2147483647;
			files = (
			);
			runOnlyForDeploymentPostprocessing = 0;
		};
/* End PBXFrameworksBuildPhase section */

/* Begin PBXGroup section */
		386E53472A44F49A00F13E0A /* Reusable Cells */ = {
			isa = PBXGroup;
			children = (
				4FFDF0452A47637C00AF5EE3 /* DailyForecastTableViewCell.swift */,
				4FFDF0462A47637C00AF5EE3 /* DailyForecastTableViewCell.xib */,
				3879E6D42A44A2130040998D /* WeatherIndicatorsTableViewCell.swift */,
				3879E6D52A44A2130040998D /* WeatherIndicatorsTableViewCell.xib */,
				3879E6D82A44B56E0040998D /* HourlyForecastCollectionViewCell.swift */,
				3879E6D92A44B56E0040998D /* HourlyForecastCollectionViewCell.xib */,
				4FEDEC1C2A4BFF5E003E5F32 /* FavouriteLocationsTableViewCell.swift */,
				4FEDEC1D2A4BFF5E003E5F32 /* FavouriteLocationsTableViewCell.xib */,
			);
			path = "Reusable Cells";
			sourceTree = "<group>";
		};
		386E53482A44F4DD00F13E0A /* Model */ = {
			isa = PBXGroup;
			children = (
				388FDB342A47A4770079F7B8 /* Weather Model.swift */,
			);
			path = Model;
			sourceTree = "<group>";
		};
		3878D9242A3BBCC800F35F06 /* Resources */ = {
			isa = PBXGroup;
			children = (
				38F344982A3A1FA500DDEF7A /* Info.plist */,
				38F344952A3A1FA500DDEF7A /* LaunchScreen.storyboard */,
				38F344932A3A1FA500DDEF7A /* Assets.xcassets */,
			);
			path = Resources;
			sourceTree = "<group>";
		};
		3878D9252A3BBEF100F35F06 /* Classes */ = {
			isa = PBXGroup;
			children = (
				4FF221A52A4A384A0031E6D7 /* ViewModel */,
				388D53DA2A47BBF90087618A /* Services */,
				386E53482A44F4DD00F13E0A /* Model */,
				386E53472A44F49A00F13E0A /* Reusable Cells */,
				3878D9262A3BBF5000F35F06 /* Extensions */,
				38F3448A2A3A1FA100DDEF7A /* AppDelegate.swift */,
				38F3448C2A3A1FA100DDEF7A /* SceneDelegate.swift */,
				387E81E92A3E6F8700BB4941 /* HomeViewController.swift */,
				387E81EA2A3E6F8700BB4941 /* HomeViewController.xib */,
				4FF32CBC2A4BF2B0006969CB /* FavouriteViewController.swift */,
				4FF32CBD2A4BF2B0006969CB /* FavouriteViewController.xib */,
				3886A6222A4E50E700AF8F83 /* CustomTabBarController.swift */,
			);
			path = Classes;
			sourceTree = "<group>";
		};
		3878D9262A3BBF5000F35F06 /* Extensions */ = {
			isa = PBXGroup;
			children = (
				387E81DF2A3E449E00BB4941 /* UIButton.swift */,
				387E81E12A3E459F00BB4941 /* UILabel.swift */,
			);
			path = Extensions;
			sourceTree = "<group>";
		};
		388D53DA2A47BBF90087618A /* Services */ = {
			isa = PBXGroup;
			children = (
				388D53DB2A47BC170087618A /* Network Services .swift */,
			);
			path = Services;
			sourceTree = "<group>";
		};
		38F3447E2A3A1FA100DDEF7A = {
			isa = PBXGroup;
			children = (
				38F344892A3A1FA100DDEF7A /* Taqs */,
				38F344882A3A1FA100DDEF7A /* Products */,
			);
			sourceTree = "<group>";
		};
		38F344882A3A1FA100DDEF7A /* Products */ = {
			isa = PBXGroup;
			children = (
				38F344872A3A1FA100DDEF7A /* Taqs.app */,
			);
			name = Products;
			sourceTree = "<group>";
		};
		38F344892A3A1FA100DDEF7A /* Taqs */ = {
			isa = PBXGroup;
			children = (
				3878D9252A3BBEF100F35F06 /* Classes */,
				3878D9242A3BBCC800F35F06 /* Resources */,
			);
			path = Taqs;
			sourceTree = "<group>";
		};
		4FF221A52A4A384A0031E6D7 /* ViewModel */ = {
			isa = PBXGroup;
			children = (
				4FF221A62A4A38710031E6D7 /* ViewModel.swift */,
			);
			path = ViewModel;
			sourceTree = "<group>";
		};
/* End PBXGroup section */

/* Begin PBXNativeTarget section */
		38F344862A3A1FA100DDEF7A /* Taqs */ = {
			isa = PBXNativeTarget;
			buildConfigurationList = 38F3449B2A3A1FA500DDEF7A /* Build configuration list for PBXNativeTarget "Taqs" */;
			buildPhases = (
				38F344832A3A1FA100DDEF7A /* Sources */,
				38F344842A3A1FA100DDEF7A /* Frameworks */,
				38F344852A3A1FA100DDEF7A /* Resources */,
			);
			buildRules = (
			);
			dependencies = (
			);
			name = Taqs;
			productName = Taqs;
			productReference = 38F344872A3A1FA100DDEF7A /* Taqs.app */;
			productType = "com.apple.product-type.application";
		};
/* End PBXNativeTarget section */

/* Begin PBXProject section */
		38F3447F2A3A1FA100DDEF7A /* Project object */ = {
			isa = PBXProject;
			attributes = {
				BuildIndependentTargetsInParallel = 1;
				LastSwiftUpdateCheck = 1430;
				LastUpgradeCheck = 1430;
				TargetAttributes = {
					38F344862A3A1FA100DDEF7A = {
						CreatedOnToolsVersion = 14.3;
					};
				};
			};
			buildConfigurationList = 38F344822A3A1FA100DDEF7A /* Build configuration list for PBXProject "Taqs" */;
			compatibilityVersion = "Xcode 14.0";
			developmentRegion = en;
			hasScannedForEncodings = 0;
			knownRegions = (
				en,
				Base,
			);
			mainGroup = 38F3447E2A3A1FA100DDEF7A;
			productRefGroup = 38F344882A3A1FA100DDEF7A /* Products */;
			projectDirPath = "";
			projectRoot = "";
			targets = (
				38F344862A3A1FA100DDEF7A /* Taqs */,
			);
		};
/* End PBXProject section */

/* Begin PBXResourcesBuildPhase section */
		38F344852A3A1FA100DDEF7A /* Resources */ = {
			isa = PBXResourcesBuildPhase;
			buildActionMask = 2147483647;
			files = (
				4FEDEC1F2A4BFF5E003E5F32 /* FavouriteLocationsTableViewCell.xib in Resources */,
				38F344972A3A1FA500DDEF7A /* LaunchScreen.storyboard in Resources */,
				3879E6D72A44A2130040998D /* WeatherIndicatorsTableViewCell.xib in Resources */,
				38F344942A3A1FA500DDEF7A /* Assets.xcassets in Resources */,
				4FF32CBF2A4BF2B0006969CB /* FavouriteViewController.xib in Resources */,
				387E81EC2A3E6F8700BB4941 /* HomeViewController.xib in Resources */,
				4FFDF0482A47637C00AF5EE3 /* DailyForecastTableViewCell.xib in Resources */,
				3879E6DB2A44B56E0040998D /* HourlyForecastCollectionViewCell.xib in Resources */,
			);
			runOnlyForDeploymentPostprocessing = 0;
		};
/* End PBXResourcesBuildPhase section */

/* Begin PBXSourcesBuildPhase section */
		38F344832A3A1FA100DDEF7A /* Sources */ = {
			isa = PBXSourcesBuildPhase;
			buildActionMask = 2147483647;
			files = (
				4FFDF0472A47637C00AF5EE3 /* DailyForecastTableViewCell.swift in Sources */,
				388FDB352A47A4770079F7B8 /* Weather Model.swift in Sources */,
				387E81EB2A3E6F8700BB4941 /* HomeViewController.swift in Sources */,
				4FF221A72A4A38710031E6D7 /* ViewModel.swift in Sources */,
				4FF32CBE2A4BF2B0006969CB /* FavouriteViewController.swift in Sources */,
				38F3448B2A3A1FA100DDEF7A /* AppDelegate.swift in Sources */,
				388D53DC2A47BC170087618A /* Network Services .swift in Sources */,
				38F3448D2A3A1FA100DDEF7A /* SceneDelegate.swift in Sources */,
				3886A6232A4E50E700AF8F83 /* CustomTabBarController.swift in Sources */,
				3879E6DA2A44B56E0040998D /* HourlyForecastCollectionViewCell.swift in Sources */,
				3879E6D62A44A2130040998D /* WeatherIndicatorsTableViewCell.swift in Sources */,
				387E81E22A3E459F00BB4941 /* UILabel.swift in Sources */,
				4FEDEC1E2A4BFF5E003E5F32 /* FavouriteLocationsTableViewCell.swift in Sources */,
				387E81E02A3E449E00BB4941 /* UIButton.swift in Sources */,
			);
			runOnlyForDeploymentPostprocessing = 0;
		};
/* End PBXSourcesBuildPhase section */

/* Begin PBXVariantGroup section */
		38F344952A3A1FA500DDEF7A /* LaunchScreen.storyboard */ = {
			isa = PBXVariantGroup;
			children = (
				38F344962A3A1FA500DDEF7A /* Base */,
			);
			name = LaunchScreen.storyboard;
			sourceTree = "<group>";
		};
/* End PBXVariantGroup section */

/* Begin XCBuildConfiguration section */
		38F344992A3A1FA500DDEF7A /* Debug */ = {
			isa = XCBuildConfiguration;
			buildSettings = {
				ALWAYS_SEARCH_USER_PATHS = NO;
				CLANG_ANALYZER_NONNULL = YES;
				CLANG_ANALYZER_NUMBER_OBJECT_CONVERSION = YES_AGGRESSIVE;
				CLANG_CXX_LANGUAGE_STANDARD = "gnu++20";
				CLANG_ENABLE_MODULES = YES;
				CLANG_ENABLE_OBJC_ARC = YES;
				CLANG_ENABLE_OBJC_WEAK = YES;
				CLANG_WARN_BLOCK_CAPTURE_AUTORELEASING = YES;
				CLANG_WARN_BOOL_CONVERSION = YES;
				CLANG_WARN_COMMA = YES;
				CLANG_WARN_CONSTANT_CONVERSION = YES;
				CLANG_WARN_DEPRECATED_OBJC_IMPLEMENTATIONS = YES;
				CLANG_WARN_DIRECT_OBJC_ISA_USAGE = YES_ERROR;
				CLANG_WARN_DOCUMENTATION_COMMENTS = YES;
				CLANG_WARN_EMPTY_BODY = YES;
				CLANG_WARN_ENUM_CONVERSION = YES;
				CLANG_WARN_INFINITE_RECURSION = YES;
				CLANG_WARN_INT_CONVERSION = YES;
				CLANG_WARN_NON_LITERAL_NULL_CONVERSION = YES;
				CLANG_WARN_OBJC_IMPLICIT_RETAIN_SELF = YES;
				CLANG_WARN_OBJC_LITERAL_CONVERSION = YES;
				CLANG_WARN_OBJC_ROOT_CLASS = YES_ERROR;
				CLANG_WARN_QUOTED_INCLUDE_IN_FRAMEWORK_HEADER = YES;
				CLANG_WARN_RANGE_LOOP_ANALYSIS = YES;
				CLANG_WARN_STRICT_PROTOTYPES = YES;
				CLANG_WARN_SUSPICIOUS_MOVE = YES;
				CLANG_WARN_UNGUARDED_AVAILABILITY = YES_AGGRESSIVE;
				CLANG_WARN_UNREACHABLE_CODE = YES;
				CLANG_WARN__DUPLICATE_METHOD_MATCH = YES;
				COPY_PHASE_STRIP = NO;
				DEBUG_INFORMATION_FORMAT = dwarf;
				ENABLE_STRICT_OBJC_MSGSEND = YES;
				ENABLE_TESTABILITY = YES;
				GCC_C_LANGUAGE_STANDARD = gnu11;
				GCC_DYNAMIC_NO_PIC = NO;
				GCC_NO_COMMON_BLOCKS = YES;
				GCC_OPTIMIZATION_LEVEL = 0;
				GCC_PREPROCESSOR_DEFINITIONS = (
					"DEBUG=1",
					"$(inherited)",
				);
				GCC_WARN_64_TO_32_BIT_CONVERSION = YES;
				GCC_WARN_ABOUT_RETURN_TYPE = YES_ERROR;
				GCC_WARN_UNDECLARED_SELECTOR = YES;
				GCC_WARN_UNINITIALIZED_AUTOS = YES_AGGRESSIVE;
				GCC_WARN_UNUSED_FUNCTION = YES;
				GCC_WARN_UNUSED_VARIABLE = YES;
				IPHONEOS_DEPLOYMENT_TARGET = 16.4;
				MTL_ENABLE_DEBUG_INFO = INCLUDE_SOURCE;
				MTL_FAST_MATH = YES;
				ONLY_ACTIVE_ARCH = YES;
				SDKROOT = iphoneos;
				SWIFT_ACTIVE_COMPILATION_CONDITIONS = DEBUG;
				SWIFT_OPTIMIZATION_LEVEL = "-Onone";
			};
			name = Debug;
		};
		38F3449A2A3A1FA500DDEF7A /* Release */ = {
			isa = XCBuildConfiguration;
			buildSettings = {
				ALWAYS_SEARCH_USER_PATHS = NO;
				CLANG_ANALYZER_NONNULL = YES;
				CLANG_ANALYZER_NUMBER_OBJECT_CONVERSION = YES_AGGRESSIVE;
				CLANG_CXX_LANGUAGE_STANDARD = "gnu++20";
				CLANG_ENABLE_MODULES = YES;
				CLANG_ENABLE_OBJC_ARC = YES;
				CLANG_ENABLE_OBJC_WEAK = YES;
				CLANG_WARN_BLOCK_CAPTURE_AUTORELEASING = YES;
				CLANG_WARN_BOOL_CONVERSION = YES;
				CLANG_WARN_COMMA = YES;
				CLANG_WARN_CONSTANT_CONVERSION = YES;
				CLANG_WARN_DEPRECATED_OBJC_IMPLEMENTATIONS = YES;
				CLANG_WARN_DIRECT_OBJC_ISA_USAGE = YES_ERROR;
				CLANG_WARN_DOCUMENTATION_COMMENTS = YES;
				CLANG_WARN_EMPTY_BODY = YES;
				CLANG_WARN_ENUM_CONVERSION = YES;
				CLANG_WARN_INFINITE_RECURSION = YES;
				CLANG_WARN_INT_CONVERSION = YES;
				CLANG_WARN_NON_LITERAL_NULL_CONVERSION = YES;
				CLANG_WARN_OBJC_IMPLICIT_RETAIN_SELF = YES;
				CLANG_WARN_OBJC_LITERAL_CONVERSION = YES;
				CLANG_WARN_OBJC_ROOT_CLASS = YES_ERROR;
				CLANG_WARN_QUOTED_INCLUDE_IN_FRAMEWORK_HEADER = YES;
				CLANG_WARN_RANGE_LOOP_ANALYSIS = YES;
				CLANG_WARN_STRICT_PROTOTYPES = YES;
				CLANG_WARN_SUSPICIOUS_MOVE = YES;
				CLANG_WARN_UNGUARDED_AVAILABILITY = YES_AGGRESSIVE;
				CLANG_WARN_UNREACHABLE_CODE = YES;
				CLANG_WARN__DUPLICATE_METHOD_MATCH = YES;
				COPY_PHASE_STRIP = NO;
				DEBUG_INFORMATION_FORMAT = "dwarf-with-dsym";
				ENABLE_NS_ASSERTIONS = NO;
				ENABLE_STRICT_OBJC_MSGSEND = YES;
				GCC_C_LANGUAGE_STANDARD = gnu11;
				GCC_NO_COMMON_BLOCKS = YES;
				GCC_WARN_64_TO_32_BIT_CONVERSION = YES;
				GCC_WARN_ABOUT_RETURN_TYPE = YES_ERROR;
				GCC_WARN_UNDECLARED_SELECTOR = YES;
				GCC_WARN_UNINITIALIZED_AUTOS = YES_AGGRESSIVE;
				GCC_WARN_UNUSED_FUNCTION = YES;
				GCC_WARN_UNUSED_VARIABLE = YES;
				IPHONEOS_DEPLOYMENT_TARGET = 16.4;
				MTL_ENABLE_DEBUG_INFO = NO;
				MTL_FAST_MATH = YES;
				SDKROOT = iphoneos;
				SWIFT_COMPILATION_MODE = wholemodule;
				SWIFT_OPTIMIZATION_LEVEL = "-O";
				VALIDATE_PRODUCT = YES;
			};
			name = Release;
		};
		38F3449C2A3A1FA500DDEF7A /* Debug */ = {
			isa = XCBuildConfiguration;
			buildSettings = {
				ASSETCATALOG_COMPILER_APPICON_NAME = AppIcon;
				ASSETCATALOG_COMPILER_GLOBAL_ACCENT_COLOR_NAME = AccentColor;
				CODE_SIGN_STYLE = Automatic;
				CURRENT_PROJECT_VERSION = 1;
				DEVELOPMENT_TEAM = 99TN99P4UG;
				GENERATE_INFOPLIST_FILE = YES;
				INFOPLIST_FILE = Taqs/Resources/Info.plist;
				INFOPLIST_KEY_UIApplicationSupportsIndirectInputEvents = YES;
				INFOPLIST_KEY_UILaunchStoryboardName = LaunchScreen;
				INFOPLIST_KEY_UISupportedInterfaceOrientations_iPad = "UIInterfaceOrientationPortrait UIInterfaceOrientationPortraitUpsideDown UIInterfaceOrientationLandscapeLeft UIInterfaceOrientationLandscapeRight";
				INFOPLIST_KEY_UISupportedInterfaceOrientations_iPhone = "UIInterfaceOrientationPortrait UIInterfaceOrientationLandscapeLeft UIInterfaceOrientationLandscapeRight";
				IPHONEOS_DEPLOYMENT_TARGET = 16.2;
				LD_RUNPATH_SEARCH_PATHS = (
					"$(inherited)",
					"@executable_path/Frameworks",
				);
				MARKETING_VERSION = 1.0;
				PRODUCT_BUNDLE_IDENTIFIER = Salma.Taqs;
				PRODUCT_NAME = "$(TARGET_NAME)";
				SWIFT_EMIT_LOC_STRINGS = YES;
				SWIFT_VERSION = 5.0;
				TARGETED_DEVICE_FAMILY = "1,2";
			};
			name = Debug;
		};
		38F3449D2A3A1FA500DDEF7A /* Release */ = {
			isa = XCBuildConfiguration;
			buildSettings = {
				ASSETCATALOG_COMPILER_APPICON_NAME = AppIcon;
				ASSETCATALOG_COMPILER_GLOBAL_ACCENT_COLOR_NAME = AccentColor;
				CODE_SIGN_STYLE = Automatic;
				CURRENT_PROJECT_VERSION = 1;
				DEVELOPMENT_TEAM = 99TN99P4UG;
				GENERATE_INFOPLIST_FILE = YES;
				INFOPLIST_FILE = Taqs/Resources/Info.plist;
				INFOPLIST_KEY_UIApplicationSupportsIndirectInputEvents = YES;
				INFOPLIST_KEY_UILaunchStoryboardName = LaunchScreen;
				INFOPLIST_KEY_UISupportedInterfaceOrientations_iPad = "UIInterfaceOrientationPortrait UIInterfaceOrientationPortraitUpsideDown UIInterfaceOrientationLandscapeLeft UIInterfaceOrientationLandscapeRight";
				INFOPLIST_KEY_UISupportedInterfaceOrientations_iPhone = "UIInterfaceOrientationPortrait UIInterfaceOrientationLandscapeLeft UIInterfaceOrientationLandscapeRight";
				IPHONEOS_DEPLOYMENT_TARGET = 16.2;
				LD_RUNPATH_SEARCH_PATHS = (
					"$(inherited)",
					"@executable_path/Frameworks",
				);
				MARKETING_VERSION = 1.0;
				PRODUCT_BUNDLE_IDENTIFIER = Salma.Taqs;
				PRODUCT_NAME = "$(TARGET_NAME)";
				SWIFT_EMIT_LOC_STRINGS = YES;
				SWIFT_VERSION = 5.0;
				TARGETED_DEVICE_FAMILY = "1,2";
			};
			name = Release;
		};
/* End XCBuildConfiguration section */

/* Begin XCConfigurationList section */
		38F344822A3A1FA100DDEF7A /* Build configuration list for PBXProject "Taqs" */ = {
			isa = XCConfigurationList;
			buildConfigurations = (
				38F344992A3A1FA500DDEF7A /* Debug */,
				38F3449A2A3A1FA500DDEF7A /* Release */,
			);
			defaultConfigurationIsVisible = 0;
			defaultConfigurationName = Release;
		};
		38F3449B2A3A1FA500DDEF7A /* Build configuration list for PBXNativeTarget "Taqs" */ = {
			isa = XCConfigurationList;
			buildConfigurations = (
				38F3449C2A3A1FA500DDEF7A /* Debug */,
				38F3449D2A3A1FA500DDEF7A /* Release */,
			);
			defaultConfigurationIsVisible = 0;
			defaultConfigurationName = Release;
		};
/* End XCConfigurationList section */
	};
	rootObject = 38F3447F2A3A1FA100DDEF7A /* Project object */;
}
